// !$*UTF8*$!
{
	archiveVersion = 1;
	classes = {
	};
	objectVersion = 55;
	objects = {

/* Begin PBXBuildFile section */
		CB0EB14527AC358E00C885AB /* Notes.xcdatamodeld in Sources */ = {isa = PBXBuildFile; fileRef = CB0EB14327AC358E00C885AB /* Notes.xcdatamodeld */; };
		CB0EB14827AC3AE800C885AB /* Note+CoreDataClass.swift in Sources */ = {isa = PBXBuildFile; fileRef = CB0EB14627AC3AE800C885AB /* Note+CoreDataClass.swift */; };
		CB0EB14927AC3AE800C885AB /* Note+CoreDataProperties.swift in Sources */ = {isa = PBXBuildFile; fileRef = CB0EB14727AC3AE800C885AB /* Note+CoreDataProperties.swift */; };
		CB0EB14C27AC520100C885AB /* CoreDataManager.swift in Sources */ = {isa = PBXBuildFile; fileRef = CB0EB14B27AC520000C885AB /* CoreDataManager.swift */; };
		CB0EB14E27AD5CDC00C885AB /* UserDefaults+Extensions.swift in Sources */ = {isa = PBXBuildFile; fileRef = CB0EB14D27AD5CDC00C885AB /* UserDefaults+Extensions.swift */; };
		CB156DDE2838E14F0005DAFB /* NoteListTableViewCell.swift in Sources */ = {isa = PBXBuildFile; fileRef = CB156DDD2838E14F0005DAFB /* NoteListTableViewCell.swift */; };
		CB156DE02838E36B0005DAFB /* UIColor+Extensions.swift in Sources */ = {isa = PBXBuildFile; fileRef = CB156DDF2838E36B0005DAFB /* UIColor+Extensions.swift */; };
		CB156DE22838E6540005DAFB /* Int+Extensions.swift in Sources */ = {isa = PBXBuildFile; fileRef = CB156DE12838E6540005DAFB /* Int+Extensions.swift */; };
		CB5FA95927A71FF1007DA54B /* AppDelegate.swift in Sources */ = {isa = PBXBuildFile; fileRef = CB5FA95827A71FF1007DA54B /* AppDelegate.swift */; };
		CB5FA95B27A71FF1007DA54B /* SceneDelegate.swift in Sources */ = {isa = PBXBuildFile; fileRef = CB5FA95A27A71FF1007DA54B /* SceneDelegate.swift */; };
		CB5FA95D27A71FF1007DA54B /* NoteListViewController.swift in Sources */ = {isa = PBXBuildFile; fileRef = CB5FA95C27A71FF1007DA54B /* NoteListViewController.swift */; };
		CB5FA96227A71FF5007DA54B /* Assets.xcassets in Resources */ = {isa = PBXBuildFile; fileRef = CB5FA96127A71FF5007DA54B /* Assets.xcassets */; };
		CB5FA96527A71FF5007DA54B /* LaunchScreen.storyboard in Resources */ = {isa = PBXBuildFile; fileRef = CB5FA96327A71FF5007DA54B /* LaunchScreen.storyboard */; };
		CB6CA4BA27A9536D00788135 /* Date+Extensions.swift in Sources */ = {isa = PBXBuildFile; fileRef = CB6CA4B927A9536D00788135 /* Date+Extensions.swift */; };
		CB6CA4C327A994ED00788135 /* NoteViewController.swift in Sources */ = {isa = PBXBuildFile; fileRef = CB6CA4C227A994ED00788135 /* NoteViewController.swift */; };
		CB6CA4C527A9B84600788135 /* NoteTextView.swift in Sources */ = {isa = PBXBuildFile; fileRef = CB6CA4C427A9B84600788135 /* NoteTextView.swift */; };
		CBBF8CAB27B0402300A15EF2 /* K.swift in Sources */ = {isa = PBXBuildFile; fileRef = CBBF8CAA27B0402300A15EF2 /* K.swift */; };
/* End PBXBuildFile section */

/* Begin PBXFileReference section */
		CB0EB14427AC358E00C885AB /* coreDataInfo.xcdatamodel */ = {isa = PBXFileReference; lastKnownFileType = wrapper.xcdatamodel; path = coreDataInfo.xcdatamodel; sourceTree = "<group>"; };
		CB0EB14627AC3AE800C885AB /* Note+CoreDataClass.swift */ = {isa = PBXFileReference; lastKnownFileType = sourcecode.swift; path = "Note+CoreDataClass.swift"; sourceTree = "<group>"; };
		CB0EB14727AC3AE800C885AB /* Note+CoreDataProperties.swift */ = {isa = PBXFileReference; lastKnownFileType = sourcecode.swift; path = "Note+CoreDataProperties.swift"; sourceTree = "<group>"; };
		CB0EB14B27AC520000C885AB /* CoreDataManager.swift */ = {isa = PBXFileReference; lastKnownFileType = sourcecode.swift; path = CoreDataManager.swift; sourceTree = "<group>"; };
		CB0EB14D27AD5CDC00C885AB /* UserDefaults+Extensions.swift */ = {isa = PBXFileReference; lastKnownFileType = sourcecode.swift; path = "UserDefaults+Extensions.swift"; sourceTree = "<group>"; };
		CB156DDD2838E14F0005DAFB /* NoteListTableViewCell.swift */ = {isa = PBXFileReference; lastKnownFileType = sourcecode.swift; path = NoteListTableViewCell.swift; sourceTree = "<group>"; };
		CB156DDF2838E36B0005DAFB /* UIColor+Extensions.swift */ = {isa = PBXFileReference; lastKnownFileType = sourcecode.swift; path = "UIColor+Extensions.swift"; sourceTree = "<group>"; };
		CB156DE12838E6540005DAFB /* Int+Extensions.swift */ = {isa = PBXFileReference; lastKnownFileType = sourcecode.swift; path = "Int+Extensions.swift"; sourceTree = "<group>"; };
		CB5FA95527A71FF1007DA54B /* Notes.app */ = {isa = PBXFileReference; explicitFileType = wrapper.application; includeInIndex = 0; path = Notes.app; sourceTree = BUILT_PRODUCTS_DIR; };
		CB5FA95827A71FF1007DA54B /* AppDelegate.swift */ = {isa = PBXFileReference; lastKnownFileType = sourcecode.swift; path = AppDelegate.swift; sourceTree = "<group>"; };
		CB5FA95A27A71FF1007DA54B /* SceneDelegate.swift */ = {isa = PBXFileReference; lastKnownFileType = sourcecode.swift; path = SceneDelegate.swift; sourceTree = "<group>"; };
		CB5FA95C27A71FF1007DA54B /* NoteListViewController.swift */ = {isa = PBXFileReference; lastKnownFileType = sourcecode.swift; path = NoteListViewController.swift; sourceTree = "<group>"; };
		CB5FA96127A71FF5007DA54B /* Assets.xcassets */ = {isa = PBXFileReference; lastKnownFileType = folder.assetcatalog; path = Assets.xcassets; sourceTree = "<group>"; };
		CB5FA96427A71FF5007DA54B /* Base */ = {isa = PBXFileReference; lastKnownFileType = file.storyboard; name = Base; path = Base.lproj/LaunchScreen.storyboard; sourceTree = "<group>"; };
		CB5FA96627A71FF5007DA54B /* Info.plist */ = {isa = PBXFileReference; lastKnownFileType = text.plist.xml; path = Info.plist; sourceTree = "<group>"; };
		CB6CA4B927A9536D00788135 /* Date+Extensions.swift */ = {isa = PBXFileReference; lastKnownFileType = sourcecode.swift; path = "Date+Extensions.swift"; sourceTree = "<group>"; };
		CB6CA4C227A994ED00788135 /* NoteViewController.swift */ = {isa = PBXFileReference; lastKnownFileType = sourcecode.swift; path = NoteViewController.swift; sourceTree = "<group>"; };
		CB6CA4C427A9B84600788135 /* NoteTextView.swift */ = {isa = PBXFileReference; lastKnownFileType = sourcecode.swift; path = NoteTextView.swift; sourceTree = "<group>"; };
		CBBF8CAA27B0402300A15EF2 /* K.swift */ = {isa = PBXFileReference; lastKnownFileType = sourcecode.swift; path = K.swift; sourceTree = "<group>"; };
/* End PBXFileReference section */

/* Begin PBXFrameworksBuildPhase section */
		CB5FA95227A71FF1007DA54B /* Frameworks */ = {
			isa = PBXFrameworksBuildPhase;
			buildActionMask = 2147483647;
			files = (
			);
			runOnlyForDeploymentPostprocessing = 0;
		};
/* End PBXFrameworksBuildPhase section */

/* Begin PBXGroup section */
		CB0EB14A27AC3C5400C885AB /* CoreData */ = {
			isa = PBXGroup;
			children = (
				CB0EB14B27AC520000C885AB /* CoreDataManager.swift */,
				CB0EB14627AC3AE800C885AB /* Note+CoreDataClass.swift */,
				CB0EB14727AC3AE800C885AB /* Note+CoreDataProperties.swift */,
			);
			path = CoreData;
			sourceTree = "<group>";
		};
		CB5FA94C27A71FF1007DA54B = {
			isa = PBXGroup;
			children = (
				CB5FA95727A71FF1007DA54B /* Notes */,
				CB5FA95627A71FF1007DA54B /* Products */,
			);
			sourceTree = "<group>";
		};
		CB5FA95627A71FF1007DA54B /* Products */ = {
			isa = PBXGroup;
			children = (
				CB5FA95527A71FF1007DA54B /* Notes.app */,
			);
			name = Products;
			sourceTree = "<group>";
		};
		CB5FA95727A71FF1007DA54B /* Notes */ = {
			isa = PBXGroup;
			children = (
				CBBF8CAC27B0404600A15EF2 /* Constants */,
				CB0EB14A27AC3C5400C885AB /* CoreData */,
				CB6CA4AA27A8433500788135 /* NoteList */,
				CB6CA4BD27A992C400788135 /* Note */,
				CB6CA4B827A9534F00788135 /* Extensions */,
				CB6CA4AB27A8435A00788135 /* SupportingFiles */,
				CB5FA96127A71FF5007DA54B /* Assets.xcassets */,
				CB5FA96327A71FF5007DA54B /* LaunchScreen.storyboard */,
				CB5FA96627A71FF5007DA54B /* Info.plist */,
				CB0EB14327AC358E00C885AB /* Notes.xcdatamodeld */,
			);
			path = Notes;
			sourceTree = "<group>";
		};
		CB6CA4AA27A8433500788135 /* NoteList */ = {
			isa = PBXGroup;
			children = (
				CB5FA95C27A71FF1007DA54B /* NoteListViewController.swift */,
				CB156DDD2838E14F0005DAFB /* NoteListTableViewCell.swift */,
			);
			path = NoteList;
			sourceTree = "<group>";
		};
		CB6CA4AB27A8435A00788135 /* SupportingFiles */ = {
			isa = PBXGroup;
			children = (
				CB5FA95827A71FF1007DA54B /* AppDelegate.swift */,
				CB5FA95A27A71FF1007DA54B /* SceneDelegate.swift */,
			);
			path = SupportingFiles;
			sourceTree = "<group>";
		};
		CB6CA4B827A9534F00788135 /* Extensions */ = {
			isa = PBXGroup;
			children = (
				CB6CA4B927A9536D00788135 /* Date+Extensions.swift */,
				CB0EB14D27AD5CDC00C885AB /* UserDefaults+Extensions.swift */,
				CB156DE12838E6540005DAFB /* Int+Extensions.swift */,
				CB156DDF2838E36B0005DAFB /* UIColor+Extensions.swift */,
			);
			path = Extensions;
			sourceTree = "<group>";
		};
		CB6CA4BD27A992C400788135 /* Note */ = {
			isa = PBXGroup;
			children = (
				CB6CA4C227A994ED00788135 /* NoteViewController.swift */,
				CB6CA4C427A9B84600788135 /* NoteTextView.swift */,
			);
			path = Note;
			sourceTree = "<group>";
		};
		CBBF8CAC27B0404600A15EF2 /* Constants */ = {
			isa = PBXGroup;
			children = (
				CBBF8CAA27B0402300A15EF2 /* K.swift */,
			);
			path = Constants;
			sourceTree = "<group>";
		};
/* End PBXGroup section */

/* Begin PBXNativeTarget section */
		CB5FA95427A71FF1007DA54B /* Notes */ = {
			isa = PBXNativeTarget;
			buildConfigurationList = CB5FA96927A71FF5007DA54B /* Build configuration list for PBXNativeTarget "Notes" */;
			buildPhases = (
				CB5FA95127A71FF1007DA54B /* Sources */,
				CB5FA95227A71FF1007DA54B /* Frameworks */,
				CB5FA95327A71FF1007DA54B /* Resources */,
			);
			buildRules = (
			);
			dependencies = (
			);
			name = Notes;
			productName = Notes;
			productReference = CB5FA95527A71FF1007DA54B /* Notes.app */;
			productType = "com.apple.product-type.application";
		};
/* End PBXNativeTarget section */

/* Begin PBXProject section */
		CB5FA94D27A71FF1007DA54B /* Project object */ = {
			isa = PBXProject;
			attributes = {
				BuildIndependentTargetsInParallel = 1;
				LastSwiftUpdateCheck = 1320;
				LastUpgradeCheck = 1320;
				TargetAttributes = {
					CB5FA95427A71FF1007DA54B = {
						CreatedOnToolsVersion = 13.2.1;
					};
				};
			};
			buildConfigurationList = CB5FA95027A71FF1007DA54B /* Build configuration list for PBXProject "Notes" */;
			compatibilityVersion = "Xcode 13.0";
			developmentRegion = en;
			hasScannedForEncodings = 0;
			knownRegions = (
				en,
				Base,
			);
			mainGroup = CB5FA94C27A71FF1007DA54B;
			productRefGroup = CB5FA95627A71FF1007DA54B /* Products */;
			projectDirPath = "";
			projectRoot = "";
			targets = (
				CB5FA95427A71FF1007DA54B /* Notes */,
			);
		};
/* End PBXProject section */

/* Begin PBXResourcesBuildPhase section */
		CB5FA95327A71FF1007DA54B /* Resources */ = {
			isa = PBXResourcesBuildPhase;
			buildActionMask = 2147483647;
			files = (
				CB5FA96527A71FF5007DA54B /* LaunchScreen.storyboard in Resources */,
				CB5FA96227A71FF5007DA54B /* Assets.xcassets in Resources */,
			);
			runOnlyForDeploymentPostprocessing = 0;
		};
/* End PBXResourcesBuildPhase section */

/* Begin PBXSourcesBuildPhase section */
		CB5FA95127A71FF1007DA54B /* Sources */ = {
			isa = PBXSourcesBuildPhase;
			buildActionMask = 2147483647;
			files = (
				CB5FA95D27A71FF1007DA54B /* NoteListViewController.swift in Sources */,
				CB0EB14927AC3AE800C885AB /* Note+CoreDataProperties.swift in Sources */,
				CB5FA95927A71FF1007DA54B /* AppDelegate.swift in Sources */,
				CB0EB14527AC358E00C885AB /* Notes.xcdatamodeld in Sources */,
				CB5FA95B27A71FF1007DA54B /* SceneDelegate.swift in Sources */,
				CB0EB14C27AC520100C885AB /* CoreDataManager.swift in Sources */,
				CBBF8CAB27B0402300A15EF2 /* K.swift in Sources */,
				CB156DE02838E36B0005DAFB /* UIColor+Extensions.swift in Sources */,
				CB0EB14E27AD5CDC00C885AB /* UserDefaults+Extensions.swift in Sources */,
				CB156DE22838E6540005DAFB /* Int+Extensions.swift in Sources */,
				CB6CA4BA27A9536D00788135 /* Date+Extensions.swift in Sources */,
				CB156DDE2838E14F0005DAFB /* NoteListTableViewCell.swift in Sources */,
				CB0EB14827AC3AE800C885AB /* Note+CoreDataClass.swift in Sources */,
				CB6CA4C327A994ED00788135 /* NoteViewController.swift in Sources */,
				CB6CA4C527A9B84600788135 /* NoteTextView.swift in Sources */,
			);
			runOnlyForDeploymentPostprocessing = 0;
		};
/* End PBXSourcesBuildPhase section */

/* Begin PBXVariantGroup section */
		CB5FA96327A71FF5007DA54B /* LaunchScreen.storyboard */ = {
			isa = PBXVariantGroup;
			children = (
				CB5FA96427A71FF5007DA54B /* Base */,
			);
			name = LaunchScreen.storyboard;
			sourceTree = "<group>";
		};
/* End PBXVariantGroup section */

/* Begin XCBuildConfiguration section */
		CB5FA96727A71FF5007DA54B /* Debug */ = {
			isa = XCBuildConfiguration;
			buildSettings = {
				ALWAYS_SEARCH_USER_PATHS = NO;
				CLANG_ANALYZER_NONNULL = YES;
				CLANG_ANALYZER_NUMBER_OBJECT_CONVERSION = YES_AGGRESSIVE;
				CLANG_CXX_LANGUAGE_STANDARD = "gnu++17";
				CLANG_CXX_LIBRARY = "libc++";
				CLANG_ENABLE_MODULES = YES;
				CLANG_ENABLE_OBJC_ARC = YES;
				CLANG_ENABLE_OBJC_WEAK = YES;
				CLANG_WARN_BLOCK_CAPTURE_AUTORELEASING = YES;
				CLANG_WARN_BOOL_CONVERSION = YES;
				CLANG_WARN_COMMA = YES;
				CLANG_WARN_CONSTANT_CONVERSION = YES;
				CLANG_WARN_DEPRECATED_OBJC_IMPLEMENTATIONS = YES;
				CLANG_WARN_DIRECT_OBJC_ISA_USAGE = YES_ERROR;
				CLANG_WARN_DOCUMENTATION_COMMENTS = YES;
				CLANG_WARN_EMPTY_BODY = YES;
				CLANG_WARN_ENUM_CONVERSION = YES;
				CLANG_WARN_INFINITE_RECURSION = YES;
				CLANG_WARN_INT_CONVERSION = YES;
				CLANG_WARN_NON_LITERAL_NULL_CONVERSION = YES;
				CLANG_WARN_OBJC_IMPLICIT_RETAIN_SELF = YES;
				CLANG_WARN_OBJC_LITERAL_CONVERSION = YES;
				CLANG_WARN_OBJC_ROOT_CLASS = YES_ERROR;
				CLANG_WARN_QUOTED_INCLUDE_IN_FRAMEWORK_HEADER = YES;
				CLANG_WARN_RANGE_LOOP_ANALYSIS = YES;
				CLANG_WARN_STRICT_PROTOTYPES = YES;
				CLANG_WARN_SUSPICIOUS_MOVE = YES;
				CLANG_WARN_UNGUARDED_AVAILABILITY = YES_AGGRESSIVE;
				CLANG_WARN_UNREACHABLE_CODE = YES;
				CLANG_WARN__DUPLICATE_METHOD_MATCH = YES;
				COPY_PHASE_STRIP = NO;
				DEBUG_INFORMATION_FORMAT = dwarf;
				ENABLE_STRICT_OBJC_MSGSEND = YES;
				ENABLE_TESTABILITY = YES;
				GCC_C_LANGUAGE_STANDARD = gnu11;
				GCC_DYNAMIC_NO_PIC = NO;
				GCC_NO_COMMON_BLOCKS = YES;
				GCC_OPTIMIZATION_LEVEL = 0;
				GCC_PREPROCESSOR_DEFINITIONS = (
					"DEBUG=1",
					"$(inherited)",
				);
				GCC_WARN_64_TO_32_BIT_CONVERSION = YES;
				GCC_WARN_ABOUT_RETURN_TYPE = YES_ERROR;
				GCC_WARN_UNDECLARED_SELECTOR = YES;
				GCC_WARN_UNINITIALIZED_AUTOS = YES_AGGRESSIVE;
				GCC_WARN_UNUSED_FUNCTION = YES;
				GCC_WARN_UNUSED_VARIABLE = YES;
				IPHONEOS_DEPLOYMENT_TARGET = 15.2;
				MTL_ENABLE_DEBUG_INFO = INCLUDE_SOURCE;
				MTL_FAST_MATH = YES;
				ONLY_ACTIVE_ARCH = YES;
				SDKROOT = iphoneos;
				SWIFT_ACTIVE_COMPILATION_CONDITIONS = DEBUG;
				SWIFT_OPTIMIZATION_LEVEL = "-Onone";
			};
			name = Debug;
		};
		CB5FA96827A71FF5007DA54B /* Release */ = {
			isa = XCBuildConfiguration;
			buildSettings = {
				ALWAYS_SEARCH_USER_PATHS = NO;
				CLANG_ANALYZER_NONNULL = YES;
				CLANG_ANALYZER_NUMBER_OBJECT_CONVERSION = YES_AGGRESSIVE;
				CLANG_CXX_LANGUAGE_STANDARD = "gnu++17";
				CLANG_CXX_LIBRARY = "libc++";
				CLANG_ENABLE_MODULES = YES;
				CLANG_ENABLE_OBJC_ARC = YES;
				CLANG_ENABLE_OBJC_WEAK = YES;
				CLANG_WARN_BLOCK_CAPTURE_AUTORELEASING = YES;
				CLANG_WARN_BOOL_CONVERSION = YES;
				CLANG_WARN_COMMA = YES;
				CLANG_WARN_CONSTANT_CONVERSION = YES;
				CLANG_WARN_DEPRECATED_OBJC_IMPLEMENTATIONS = YES;
				CLANG_WARN_DIRECT_OBJC_ISA_USAGE = YES_ERROR;
				CLANG_WARN_DOCUMENTATION_COMMENTS = YES;
				CLANG_WARN_EMPTY_BODY = YES;
				CLANG_WARN_ENUM_CONVERSION = YES;
				CLANG_WARN_INFINITE_RECURSION = YES;
				CLANG_WARN_INT_CONVERSION = YES;
				CLANG_WARN_NON_LITERAL_NULL_CONVERSION = YES;
				CLANG_WARN_OBJC_IMPLICIT_RETAIN_SELF = YES;
				CLANG_WARN_OBJC_LITERAL_CONVERSION = YES;
				CLANG_WARN_OBJC_ROOT_CLASS = YES_ERROR;
				CLANG_WARN_QUOTED_INCLUDE_IN_FRAMEWORK_HEADER = YES;
				CLANG_WARN_RANGE_LOOP_ANALYSIS = YES;
				CLANG_WARN_STRICT_PROTOTYPES = YES;
				CLANG_WARN_SUSPICIOUS_MOVE = YES;
				CLANG_WARN_UNGUARDED_AVAILABILITY = YES_AGGRESSIVE;
				CLANG_WARN_UNREACHABLE_CODE = YES;
				CLANG_WARN__DUPLICATE_METHOD_MATCH = YES;
				COPY_PHASE_STRIP = NO;
				DEBUG_INFORMATION_FORMAT = "dwarf-with-dsym";
				ENABLE_NS_ASSERTIONS = NO;
				ENABLE_STRICT_OBJC_MSGSEND = YES;
				GCC_C_LANGUAGE_STANDARD = gnu11;
				GCC_NO_COMMON_BLOCKS = YES;
				GCC_WARN_64_TO_32_BIT_CONVERSION = YES;
				GCC_WARN_ABOUT_RETURN_TYPE = YES_ERROR;
				GCC_WARN_UNDECLARED_SELECTOR = YES;
				GCC_WARN_UNINITIALIZED_AUTOS = YES_AGGRESSIVE;
				GCC_WARN_UNUSED_FUNCTION = YES;
				GCC_WARN_UNUSED_VARIABLE = YES;
				IPHONEOS_DEPLOYMENT_TARGET = 15.2;
				MTL_ENABLE_DEBUG_INFO = NO;
				MTL_FAST_MATH = YES;
				SDKROOT = iphoneos;
				SWIFT_COMPILATION_MODE = wholemodule;
				SWIFT_OPTIMIZATION_LEVEL = "-O";
				VALIDATE_PRODUCT = YES;
			};
			name = Release;
		};
		CB5FA96A27A71FF5007DA54B /* Debug */ = {
			isa = XCBuildConfiguration;
			buildSettings = {
				ASSETCATALOG_COMPILER_APPICON_NAME = AppIcon;
				ASSETCATALOG_COMPILER_GLOBAL_ACCENT_COLOR_NAME = AccentColor;
				CODE_SIGN_STYLE = Automatic;
				CURRENT_PROJECT_VERSION = 1;
				DEVELOPMENT_TEAM = T7YWVGS7V5;
				GENERATE_INFOPLIST_FILE = YES;
				INFOPLIST_FILE = Notes/Info.plist;
				INFOPLIST_KEY_UIApplicationSupportsIndirectInputEvents = YES;
				INFOPLIST_KEY_UILaunchStoryboardName = LaunchScreen;
				INFOPLIST_KEY_UISupportedInterfaceOrientations_iPad = "UIInterfaceOrientationPortrait UIInterfaceOrientationPortraitUpsideDown UIInterfaceOrientationLandscapeLeft UIInterfaceOrientationLandscapeRight";
				INFOPLIST_KEY_UISupportedInterfaceOrientations_iPhone = "UIInterfaceOrientationPortrait UIInterfaceOrientationLandscapeLeft UIInterfaceOrientationLandscapeRight";
				LD_RUNPATH_SEARCH_PATHS = (
					"$(inherited)",
					"@executable_path/Frameworks",
				);
				MARKETING_VERSION = 1.0;
				PRODUCT_BUNDLE_IDENTIFIER = ru.gellert.Notes;
				PRODUCT_NAME = "$(TARGET_NAME)";
				SWIFT_EMIT_LOC_STRINGS = YES;
				SWIFT_VERSION = 5.0;
				TARGETED_DEVICE_FAMILY = "1,2";
			};
			name = Debug;
		};
		CB5FA96B27A71FF5007DA54B /* Release */ = {
			isa = XCBuildConfiguration;
			buildSettings = {
				ASSETCATALOG_COMPILER_APPICON_NAME = AppIcon;
				ASSETCATALOG_COMPILER_GLOBAL_ACCENT_COLOR_NAME = AccentColor;
				CODE_SIGN_STYLE = Automatic;
				CURRENT_PROJECT_VERSION = 1;
				DEVELOPMENT_TEAM = T7YWVGS7V5;
				GENERATE_INFOPLIST_FILE = YES;
				INFOPLIST_FILE = Notes/Info.plist;
				INFOPLIST_KEY_UIApplicationSupportsIndirectInputEvents = YES;
				INFOPLIST_KEY_UILaunchStoryboardName = LaunchScreen;
				INFOPLIST_KEY_UISupportedInterfaceOrientations_iPad = "UIInterfaceOrientationPortrait UIInterfaceOrientationPortraitUpsideDown UIInterfaceOrientationLandscapeLeft UIInterfaceOrientationLandscapeRight";
				INFOPLIST_KEY_UISupportedInterfaceOrientations_iPhone = "UIInterfaceOrientationPortrait UIInterfaceOrientationLandscapeLeft UIInterfaceOrientationLandscapeRight";
				LD_RUNPATH_SEARCH_PATHS = (
					"$(inherited)",
					"@executable_path/Frameworks",
				);
				MARKETING_VERSION = 1.0;
				PRODUCT_BUNDLE_IDENTIFIER = ru.gellert.Notes;
				PRODUCT_NAME = "$(TARGET_NAME)";
				SWIFT_EMIT_LOC_STRINGS = YES;
				SWIFT_VERSION = 5.0;
				TARGETED_DEVICE_FAMILY = "1,2";
			};
			name = Release;
		};
/* End XCBuildConfiguration section */

/* Begin XCConfigurationList section */
		CB5FA95027A71FF1007DA54B /* Build configuration list for PBXProject "Notes" */ = {
			isa = XCConfigurationList;
			buildConfigurations = (
				CB5FA96727A71FF5007DA54B /* Debug */,
				CB5FA96827A71FF5007DA54B /* Release */,
			);
			defaultConfigurationIsVisible = 0;
			defaultConfigurationName = Release;
		};
		CB5FA96927A71FF5007DA54B /* Build configuration list for PBXNativeTarget "Notes" */ = {
			isa = XCConfigurationList;
			buildConfigurations = (
				CB5FA96A27A71FF5007DA54B /* Debug */,
				CB5FA96B27A71FF5007DA54B /* Release */,
			);
			defaultConfigurationIsVisible = 0;
			defaultConfigurationName = Release;
		};
/* End XCConfigurationList section */

/* Begin XCVersionGroup section */
		CB0EB14327AC358E00C885AB /* Notes.xcdatamodeld */ = {
			isa = XCVersionGroup;
			children = (
				CB0EB14427AC358E00C885AB /* coreDataInfo.xcdatamodel */,
			);
			currentVersion = CB0EB14427AC358E00C885AB /* coreDataInfo.xcdatamodel */;
			path = Notes.xcdatamodeld;
			sourceTree = "<group>";
			versionGroupType = wrapper.xcdatamodel;
		};
/* End XCVersionGroup section */
	};
	rootObject = CB5FA94D27A71FF1007DA54B /* Project object */;
}
